
Microsoft Visual Studio Solution File, Format Version 12.00
# Visual Studio Version 17
VisualStudioVersion = 17.9.34728.123
MinimumVisualStudioVersion = 10.0.40219.1
Project("{FAE04EC0-301F-11D3-BF4B-00C04F79EFBC}") = "ASPNETCoreWebAppRazor1", "ASPNETCoreWebAppRazor1.csproj", "{4059CA73-1F7B-4FEC-8002-177EDF956B8F}"
EndProject
Global
	GlobalSection(SolutionConfigurationPlatforms) = preSolution
		Debug|Any CPU = Debug|Any CPU
		Release|Any CPU = Release|Any CPU
	EndGlobalSection
	GlobalSection(ProjectConfigurationPlatforms) = postSolution
		{4059CA73-1F7B-4FEC-8002-177EDF956B8F}.Debug|Any CPU.ActiveCfg = Debug|Any CPU
		{4059CA73-1F7B-4FEC-8002-177EDF956B8F}.Debug|Any CPU.Build.0 = Debug|Any CPU
		{4059CA73-1F7B-4FEC-8002-177EDF956B8F}.Release|Any CPU.ActiveCfg = Release|Any CPU
		{4059CA73-1F7B-4FEC-8002-177EDF956B8F}.Release|Any CPU.Build.0 = Release|Any CPU
	EndGlobalSection
	GlobalSection(SolutionProperties) = preSolution
		HideSolutionNode = FALSE
	EndGlobalSection
	GlobalSection(ExtensibilityGlobals) = postSolution
		SolutionGuid = {97D6AFB0-3FD7-487E-B076-9BE851DDF09B}
	EndGlobalSection
EndGlobal
